PODS:
  - lottie-ios (3.1.8)
  - MarqueeLabel (4.0.5)

DEPENDENCIES:
  - lottie-ios
  - MarqueeLabel

SPEC REPOS:
  trunk:
    - lottie-ios
    - MarqueeLabel

SPEC CHECKSUMS:
  lottie-ios: 48fac6be217c76937e36e340e2d09cf7b10b7f5f
  MarqueeLabel: 00cc0bcd087111dca575878b3531af980559707d

PODFILE CHECKSUM: 1cba57b3d975ea67fdadfc5ee27592c28c295caa

COCOAPODS: 1.10.0
