PODS:
  - lottie-ios (3.1.8)
  - MarqueeLabel (4.0.2)

DEPENDENCIES:
  - lottie-ios
  - MarqueeLabel

SPEC REPOS:
  trunk:
    - lottie-ios
    - MarqueeLabel

SPEC CHECKSUMS:
  lottie-ios: 48fac6be217c76937e36e340e2d09cf7b10b7f5f
  MarqueeLabel: f762aa681ae201f66c1d511858b171f75d83013a

PODFILE CHECKSUM: ceca5c3fa56ae640c1db8633568bd906f292243e

COCOAPODS: 1.8.4
