PODS:
  - lottie-ios (3.1.8)
  - MarqueeLabel (4.0.3)

DEPENDENCIES:
  - lottie-ios
  - MarqueeLabel

SPEC REPOS:
  trunk:
    - lottie-ios
    - MarqueeLabel

SPEC CHECKSUMS:
  lottie-ios: 48fac6be217c76937e36e340e2d09cf7b10b7f5f
  MarqueeLabel: a1ea597e347506640a5b00fda9c07b572753f45e

PODFILE CHECKSUM: ceca5c3fa56ae640c1db8633568bd906f292243e

COCOAPODS: 1.9.0.beta.3
